
Microsoft Visual Studio Solution File, Format Version 12.00
# Visual Studio 14
VisualStudioVersion = 14.0.23107.0
MinimumVisualStudioVersion = 10.0.40219.1
Project("{FAE04EC0-301F-11D3-BF4B-00C04F79EFBC}") = "ActivitiEdinSearchScript", "ActivitiEdinSearchScript\ActivitiEdinSearchScript.csproj", "{5ABB1084-6D19-4E27-B494-898CC542186B}"
EndProject
Project("{FAE04EC0-301F-11D3-BF4B-00C04F79EFBC}") = "EdinActivityUnitTest", "EdinActivityUnitTest\EdinActivityUnitTest.csproj", "{86267AB9-3262-457E-917C-B132D636A038}"
EndProject
Global
	GlobalSection(SolutionConfigurationPlatforms) = preSolution
		Debug|Any CPU = Debug|Any CPU
		Release|Any CPU = Release|Any CPU
	EndGlobalSection
	GlobalSection(ProjectConfigurationPlatforms) = postSolution
		{5ABB1084-6D19-4E27-B494-898CC542186B}.Debug|Any CPU.ActiveCfg = Debug|Any CPU
		{5ABB1084-6D19-4E27-B494-898CC542186B}.Debug|Any CPU.Build.0 = Debug|Any CPU
		{5ABB1084-6D19-4E27-B494-898CC542186B}.Release|Any CPU.ActiveCfg = Release|Any CPU
		{5ABB1084-6D19-4E27-B494-898CC542186B}.Release|Any CPU.Build.0 = Release|Any CPU
		{86267AB9-3262-457E-917C-B132D636A038}.Debug|Any CPU.ActiveCfg = Debug|Any CPU
		{86267AB9-3262-457E-917C-B132D636A038}.Debug|Any CPU.Build.0 = Debug|Any CPU
		{86267AB9-3262-457E-917C-B132D636A038}.Release|Any CPU.ActiveCfg = Release|Any CPU
		{86267AB9-3262-457E-917C-B132D636A038}.Release|Any CPU.Build.0 = Release|Any CPU
	EndGlobalSection
	GlobalSection(SolutionProperties) = preSolution
		HideSolutionNode = FALSE
	EndGlobalSection
EndGlobal
